
Microsoft Visual Studio Solution File, Format Version 12.00
# Visual Studio Version 17
VisualStudioVersion = 17.10.34928.147
MinimumVisualStudioVersion = 10.0.40219.1
Project("{FAE04EC0-301F-11D3-BF4B-00C04F79EFBC}") = "ClipFreeSpaceCalculator", "ClipFreeSpaceCalculator\ClipFreeSpaceCalculator.csproj", "{19F48196-302B-4E50-8829-1D2B978923D9}"
EndProject
Global
	GlobalSection(SolutionConfigurationPlatforms) = preSolution
		Debug|Any CPU = Debug|Any CPU
		Release|Any CPU = Release|Any CPU
	EndGlobalSection
	GlobalSection(ProjectConfigurationPlatforms) = postSolution
		{19F48196-302B-4E50-8829-1D2B978923D9}.Debug|Any CPU.ActiveCfg = Debug|Any CPU
		{19F48196-302B-4E50-8829-1D2B978923D9}.Debug|Any CPU.Build.0 = Debug|Any CPU
		{19F48196-302B-4E50-8829-1D2B978923D9}.Release|Any CPU.ActiveCfg = Release|Any CPU
		{19F48196-302B-4E50-8829-1D2B978923D9}.Release|Any CPU.Build.0 = Release|Any CPU
	EndGlobalSection
	GlobalSection(SolutionProperties) = preSolution
		HideSolutionNode = FALSE
	EndGlobalSection
	GlobalSection(ExtensibilityGlobals) = postSolution
		SolutionGuid = {EFF915F2-2B27-42DA-85FA-15B0EF48975B}
	EndGlobalSection
EndGlobal
